{
  "nodes": {
    "blade-shadow-beta": {
      "flake": false,
      "locked": {
        "lastModified": 1636565273,
        "narHash": "sha256-beeW2uywBRQeIiF9Xd3a8BGaFXcSOYOdluYIJCztMyQ=",
        "owner": "NicolasGuilloux",
        "repo": "blade-shadow-beta",
        "rev": "a58bdba241262723431f65e736e4b6dab1f75454",
        "type": "github"
      },
      "original": {
        "owner": "NicolasGuilloux",
        "ref": "master",
        "repo": "blade-shadow-beta",
        "type": "github"
      }
    },
    "nixpkgs": {
      "locked": {
        "lastModified": 1649619156,
        "narHash": "sha256-p0q4zpuKMwrzGF+5ZU7Thnpac5TinhDI9jr2mBxhV4w=",
        "owner": "NixOS",
        "repo": "nixpkgs",
        "rev": "e7d63bd0d50df412f5a1d8acfa3caae75522e347",
        "type": "github"
      },
      "original": {
        "id": "nixpkgs",
        "ref": "nixos-21.11",
        "type": "indirect"
      }
    },
    "root": {
      "inputs": {
        "blade-shadow-beta": "blade-shadow-beta",
        "nixpkgs": "nixpkgs"
      }
    }
  },
  "root": "root",
  "version": 7
}
